
Microsoft Visual Studio Solution File, Format Version 12.00
Project("{FAE04EC0-301F-11D3-BF4B-00C04F79EFBC}") = "LDAPConnectivityTest", "LDAPConnectivityTest\LDAPConnectivityTest.csproj", "{0F9424D2-DFAD-4103-966C-82FDF0205FDF}"
EndProject
Project("{FAE04EC0-301F-11D3-BF4B-00C04F79EFBC}") = "LDAPConnectivityTestFramework", "LDAPConnectivityTestFramework\LDAPConnectivityTestFramework.csproj", "{A5EEED1D-AB7A-4B02-9B13-34685D4B5E2A}"
EndProject
Global
	GlobalSection(SolutionConfigurationPlatforms) = preSolution
		Debug|Any CPU = Debug|Any CPU
		Release|Any CPU = Release|Any CPU
	EndGlobalSection
	GlobalSection(ProjectConfigurationPlatforms) = postSolution
		{0F9424D2-DFAD-4103-966C-82FDF0205FDF}.Debug|Any CPU.ActiveCfg = Debug|Any CPU
		{0F9424D2-DFAD-4103-966C-82FDF0205FDF}.Debug|Any CPU.Build.0 = Debug|Any CPU
		{0F9424D2-DFAD-4103-966C-82FDF0205FDF}.Release|Any CPU.ActiveCfg = Release|Any CPU
		{0F9424D2-DFAD-4103-966C-82FDF0205FDF}.Release|Any CPU.Build.0 = Release|Any CPU
		{A5EEED1D-AB7A-4B02-9B13-34685D4B5E2A}.Debug|Any CPU.ActiveCfg = Debug|Any CPU
		{A5EEED1D-AB7A-4B02-9B13-34685D4B5E2A}.Debug|Any CPU.Build.0 = Debug|Any CPU
		{A5EEED1D-AB7A-4B02-9B13-34685D4B5E2A}.Release|Any CPU.ActiveCfg = Release|Any CPU
		{A5EEED1D-AB7A-4B02-9B13-34685D4B5E2A}.Release|Any CPU.Build.0 = Release|Any CPU
	EndGlobalSection
EndGlobal
